
Microsoft Visual Studio Solution File, Format Version 12.00
# Visual Studio Version 17
VisualStudioVersion = 17.13.35507.96 d17.13
MinimumVisualStudioVersion = 10.0.40219.1
Project("{FAE04EC0-301F-11D3-BF4B-00C04F79EFBC}") = "1-SingleResponsability", "1-SingleResponsability\1-SingleResponsability.csproj", "{C94F6E39-387B-4228-8F14-6D65BFF638EF}"
EndProject
Project("{FAE04EC0-301F-11D3-BF4B-00C04F79EFBC}") = "2-OpenClosed", "2-OpenClosed\2-OpenClosed.csproj", "{2A265725-C6A0-4EFD-ADAE-A9577FA8C284}"
EndProject
Project("{FAE04EC0-301F-11D3-BF4B-00C04F79EFBC}") = "3-LiskovSubstitution", "3-LiskovSubstitution\3-LiskovSubstitution.csproj", "{1D560E1D-BB7D-4543-BF90-FD99E61631C5}"
EndProject
Project("{FAE04EC0-301F-11D3-BF4B-00C04F79EFBC}") = "4-InterfaceSegregation", "4-InterfaceSegregation\4-InterfaceSegregation.csproj", "{B0C88BCB-664F-4F8C-BAB2-1E912823E19A}"
EndProject
Project("{FAE04EC0-301F-11D3-BF4B-00C04F79EFBC}") = "5-DependencyInvertion", "5-DependencyInvertion\5-DependencyInvertion.csproj", "{80CC9823-633E-4F39-9CF7-26A99D78F514}"
EndProject
Global
	GlobalSection(SolutionConfigurationPlatforms) = preSolution
		Debug|Any CPU = Debug|Any CPU
		Release|Any CPU = Release|Any CPU
	EndGlobalSection
	GlobalSection(ProjectConfigurationPlatforms) = postSolution
		{C94F6E39-387B-4228-8F14-6D65BFF638EF}.Debug|Any CPU.ActiveCfg = Debug|Any CPU
		{C94F6E39-387B-4228-8F14-6D65BFF638EF}.Debug|Any CPU.Build.0 = Debug|Any CPU
		{C94F6E39-387B-4228-8F14-6D65BFF638EF}.Release|Any CPU.ActiveCfg = Release|Any CPU
		{C94F6E39-387B-4228-8F14-6D65BFF638EF}.Release|Any CPU.Build.0 = Release|Any CPU
		{2A265725-C6A0-4EFD-ADAE-A9577FA8C284}.Debug|Any CPU.ActiveCfg = Debug|Any CPU
		{2A265725-C6A0-4EFD-ADAE-A9577FA8C284}.Debug|Any CPU.Build.0 = Debug|Any CPU
		{2A265725-C6A0-4EFD-ADAE-A9577FA8C284}.Release|Any CPU.ActiveCfg = Release|Any CPU
		{2A265725-C6A0-4EFD-ADAE-A9577FA8C284}.Release|Any CPU.Build.0 = Release|Any CPU
		{1D560E1D-BB7D-4543-BF90-FD99E61631C5}.Debug|Any CPU.ActiveCfg = Debug|Any CPU
		{1D560E1D-BB7D-4543-BF90-FD99E61631C5}.Debug|Any CPU.Build.0 = Debug|Any CPU
		{1D560E1D-BB7D-4543-BF90-FD99E61631C5}.Release|Any CPU.ActiveCfg = Release|Any CPU
		{1D560E1D-BB7D-4543-BF90-FD99E61631C5}.Release|Any CPU.Build.0 = Release|Any CPU
		{B0C88BCB-664F-4F8C-BAB2-1E912823E19A}.Debug|Any CPU.ActiveCfg = Debug|Any CPU
		{B0C88BCB-664F-4F8C-BAB2-1E912823E19A}.Debug|Any CPU.Build.0 = Debug|Any CPU
		{B0C88BCB-664F-4F8C-BAB2-1E912823E19A}.Release|Any CPU.ActiveCfg = Release|Any CPU
		{B0C88BCB-664F-4F8C-BAB2-1E912823E19A}.Release|Any CPU.Build.0 = Release|Any CPU
		{80CC9823-633E-4F39-9CF7-26A99D78F514}.Debug|Any CPU.ActiveCfg = Debug|Any CPU
		{80CC9823-633E-4F39-9CF7-26A99D78F514}.Debug|Any CPU.Build.0 = Debug|Any CPU
		{80CC9823-633E-4F39-9CF7-26A99D78F514}.Release|Any CPU.ActiveCfg = Release|Any CPU
		{80CC9823-633E-4F39-9CF7-26A99D78F514}.Release|Any CPU.Build.0 = Release|Any CPU
	EndGlobalSection
	GlobalSection(SolutionProperties) = preSolution
		HideSolutionNode = FALSE
	EndGlobalSection
	GlobalSection(ExtensibilityGlobals) = postSolution
		SolutionGuid = {C5021896-C8A9-42A0-98F3-E69D26181889}
	EndGlobalSection
EndGlobal
